
Microsoft Visual Studio Solution File, Format Version 12.00
# Visual Studio Version 17
VisualStudioVersion = 17.0.31903.59
MinimumVisualStudioVersion = 10.0.40219.1
Project("{FAE04EC0-301F-11D3-BF4B-00C04F79EFBC}") = "Zexpo.Web", "Zexpo.Web\Zexpo.Web.csproj", "{202937AA-E27D-4D8D-A692-C421F8EC12B3}"
EndProject
Global
	GlobalSection(SolutionConfigurationPlatforms) = preSolution
		Debug|Any CPU = Debug|Any CPU
		Release|Any CPU = Release|Any CPU
	EndGlobalSection
	GlobalSection(SolutionProperties) = preSolution
		HideSolutionNode = FALSE
	EndGlobalSection
	GlobalSection(ProjectConfigurationPlatforms) = postSolution
		{202937AA-E27D-4D8D-A692-C421F8EC12B3}.Debug|Any CPU.ActiveCfg = Debug|Any CPU
		{202937AA-E27D-4D8D-A692-C421F8EC12B3}.Debug|Any CPU.Build.0 = Debug|Any CPU
		{202937AA-E27D-4D8D-A692-C421F8EC12B3}.Release|Any CPU.ActiveCfg = Release|Any CPU
		{202937AA-E27D-4D8D-A692-C421F8EC12B3}.Release|Any CPU.Build.0 = Release|Any CPU
	EndGlobalSection
EndGlobal
